
Microsoft Visual Studio Solution File, Format Version 12.00
# Visual Studio Version 16
VisualStudioVersion = 16.0.36128.20
MinimumVisualStudioVersion = 10.0.40219.1
Project("{FAE04EC0-301F-11D3-BF4B-00C04F79EFBC}") = "Mini_Project", "Mini_Project\Mini_Project.csproj", "{4B0587A7-8C26-476B-9833-0B8F89182C9D}"
EndProject
Global
	GlobalSection(SolutionConfigurationPlatforms) = preSolution
		Debug|Any CPU = Debug|Any CPU
		Release|Any CPU = Release|Any CPU
	EndGlobalSection
	GlobalSection(ProjectConfigurationPlatforms) = postSolution
		{4B0587A7-8C26-476B-9833-0B8F89182C9D}.Debug|Any CPU.ActiveCfg = Debug|Any CPU
		{4B0587A7-8C26-476B-9833-0B8F89182C9D}.Debug|Any CPU.Build.0 = Debug|Any CPU
		{4B0587A7-8C26-476B-9833-0B8F89182C9D}.Release|Any CPU.ActiveCfg = Release|Any CPU
		{4B0587A7-8C26-476B-9833-0B8F89182C9D}.Release|Any CPU.Build.0 = Release|Any CPU
	EndGlobalSection
	GlobalSection(SolutionProperties) = preSolution
		HideSolutionNode = FALSE
	EndGlobalSection
	GlobalSection(ExtensibilityGlobals) = postSolution
		SolutionGuid = {51617A19-6400-4075-87EF-9C9B0AAD8A91}
	EndGlobalSection
EndGlobal
