
Microsoft Visual Studio Solution File, Format Version 12.00
# Visual Studio Version 16
VisualStudioVersion = 16.0.36128.20
MinimumVisualStudioVersion = 10.0.40219.1
Project("{FAE04EC0-301F-11D3-BF4B-00C04F79EFBC}") = "Assessment_02", "Assessment_02\Assessment_02.csproj", "{087BE593-8C13-410D-AF9E-2EAF6BC6411F}"
EndProject
Global
	GlobalSection(SolutionConfigurationPlatforms) = preSolution
		Debug|Any CPU = Debug|Any CPU
		Release|Any CPU = Release|Any CPU
	EndGlobalSection
	GlobalSection(ProjectConfigurationPlatforms) = postSolution
		{087BE593-8C13-410D-AF9E-2EAF6BC6411F}.Debug|Any CPU.ActiveCfg = Debug|Any CPU
		{087BE593-8C13-410D-AF9E-2EAF6BC6411F}.Debug|Any CPU.Build.0 = Debug|Any CPU
		{087BE593-8C13-410D-AF9E-2EAF6BC6411F}.Release|Any CPU.ActiveCfg = Release|Any CPU
		{087BE593-8C13-410D-AF9E-2EAF6BC6411F}.Release|Any CPU.Build.0 = Release|Any CPU
	EndGlobalSection
	GlobalSection(SolutionProperties) = preSolution
		HideSolutionNode = FALSE
	EndGlobalSection
	GlobalSection(ExtensibilityGlobals) = postSolution
		SolutionGuid = {8D75BDCE-7B23-4F82-8445-A20C8B26547A}
	EndGlobalSection
EndGlobal
