
Microsoft Visual Studio Solution File, Format Version 12.00
# Visual Studio Version 16
VisualStudioVersion = 16.0.36128.20
MinimumVisualStudioVersion = 10.0.40219.1
Project("{FAE04EC0-301F-11D3-BF4B-00C04F79EFBC}") = "Assignment_3", "Assignment_3\Assignment_3.csproj", "{95782782-B5F9-42CD-BFDB-14C26A172200}"
EndProject
Global
	GlobalSection(SolutionConfigurationPlatforms) = preSolution
		Debug|Any CPU = Debug|Any CPU
		Release|Any CPU = Release|Any CPU
	EndGlobalSection
	GlobalSection(ProjectConfigurationPlatforms) = postSolution
		{95782782-B5F9-42CD-BFDB-14C26A172200}.Debug|Any CPU.ActiveCfg = Debug|Any CPU
		{95782782-B5F9-42CD-BFDB-14C26A172200}.Debug|Any CPU.Build.0 = Debug|Any CPU
		{95782782-B5F9-42CD-BFDB-14C26A172200}.Release|Any CPU.ActiveCfg = Release|Any CPU
		{95782782-B5F9-42CD-BFDB-14C26A172200}.Release|Any CPU.Build.0 = Release|Any CPU
	EndGlobalSection
	GlobalSection(SolutionProperties) = preSolution
		HideSolutionNode = FALSE
	EndGlobalSection
	GlobalSection(ExtensibilityGlobals) = postSolution
		SolutionGuid = {52512567-5F7A-477D-95E9-A07E95DF0A31}
	EndGlobalSection
EndGlobal
