
Microsoft Visual Studio Solution File, Format Version 12.00
# Visual Studio Version 16
VisualStudioVersion = 16.0.36128.20
MinimumVisualStudioVersion = 10.0.40219.1
Project("{FAE04EC0-301F-11D3-BF4B-00C04F79EFBC}") = "Assignment06", "Assignment06\Assignment06.csproj", "{178D9393-7934-4403-B063-F70491B84C4D}"
EndProject
Global
	GlobalSection(SolutionConfigurationPlatforms) = preSolution
		Debug|Any CPU = Debug|Any CPU
		Release|Any CPU = Release|Any CPU
	EndGlobalSection
	GlobalSection(ProjectConfigurationPlatforms) = postSolution
		{178D9393-7934-4403-B063-F70491B84C4D}.Debug|Any CPU.ActiveCfg = Debug|Any CPU
		{178D9393-7934-4403-B063-F70491B84C4D}.Debug|Any CPU.Build.0 = Debug|Any CPU
		{178D9393-7934-4403-B063-F70491B84C4D}.Release|Any CPU.ActiveCfg = Release|Any CPU
		{178D9393-7934-4403-B063-F70491B84C4D}.Release|Any CPU.Build.0 = Release|Any CPU
	EndGlobalSection
	GlobalSection(SolutionProperties) = preSolution
		HideSolutionNode = FALSE
	EndGlobalSection
	GlobalSection(ExtensibilityGlobals) = postSolution
		SolutionGuid = {C37B8919-68FA-4E68-9876-1A66D85E68AA}
	EndGlobalSection
EndGlobal
